
Microsoft Visual Studio Solution File, Format Version 12.00
# Visual Studio Version 17
VisualStudioVersion = 17.13.35828.75 d17.13
MinimumVisualStudioVersion = 10.0.40219.1
Project("{FAE04EC0-301F-11D3-BF4B-00C04F79EFBC}") = "TarefaApi", "TarefaApi\TarefaApi.csproj", "{3CB4D85C-BF5D-4547-A732-992E09F71C93}"
EndProject
Global
	GlobalSection(SolutionConfigurationPlatforms) = preSolution
		Debug|Any CPU = Debug|Any CPU
		Release|Any CPU = Release|Any CPU
	EndGlobalSection
	GlobalSection(ProjectConfigurationPlatforms) = postSolution
		{3CB4D85C-BF5D-4547-A732-992E09F71C93}.Debug|Any CPU.ActiveCfg = Debug|Any CPU
		{3CB4D85C-BF5D-4547-A732-992E09F71C93}.Debug|Any CPU.Build.0 = Debug|Any CPU
		{3CB4D85C-BF5D-4547-A732-992E09F71C93}.Release|Any CPU.ActiveCfg = Release|Any CPU
		{3CB4D85C-BF5D-4547-A732-992E09F71C93}.Release|Any CPU.Build.0 = Release|Any CPU
	EndGlobalSection
	GlobalSection(SolutionProperties) = preSolution
		HideSolutionNode = FALSE
	EndGlobalSection
	GlobalSection(ExtensibilityGlobals) = postSolution
		SolutionGuid = {C2D46246-5DAC-4DB3-BBF9-FEFFCA4B1F60}
	EndGlobalSection
EndGlobal
